// !$*UTF8*$!
{
	archiveVersion = 1;
	classes = {
	};
	objectVersion = 51;
	objects = {

/* Begin PBXBuildFile section */
		9D5541B1EC3F943165C59DAE /* Pods_AppCraftTest.framework in Frameworks */ = {isa = PBXBuildFile; fileRef = 9E5377F35C58535B5F4C8927 /* Pods_AppCraftTest.framework */; };
		C20A28BD258E10D90009F634 /* AppDelegate.swift in Sources */ = {isa = PBXBuildFile; fileRef = C20A28BC258E10D90009F634 /* AppDelegate.swift */; };
		C20A28BF258E10D90009F634 /* SceneDelegate.swift in Sources */ = {isa = PBXBuildFile; fileRef = C20A28BE258E10D90009F634 /* SceneDelegate.swift */; };
		C20A28C4258E10D90009F634 /* Main.storyboard in Resources */ = {isa = PBXBuildFile; fileRef = C20A28C2258E10D90009F634 /* Main.storyboard */; };
		C20A28C6258E10DA0009F634 /* Assets.xcassets in Resources */ = {isa = PBXBuildFile; fileRef = C20A28C5258E10DA0009F634 /* Assets.xcassets */; };
		C20A28C9258E10DA0009F634 /* LaunchScreen.storyboard in Resources */ = {isa = PBXBuildFile; fileRef = C20A28C7258E10DA0009F634 /* LaunchScreen.storyboard */; };
		C20A28D9258E12B70009F634 /* NetworkManager.swift in Sources */ = {isa = PBXBuildFile; fileRef = C20A28D8258E12B70009F634 /* NetworkManager.swift */; };
		C20A28DD258E15790009F634 /* AlbumModel.swift in Sources */ = {isa = PBXBuildFile; fileRef = C20A28DC258E15790009F634 /* AlbumModel.swift */; };
		C20A28E3258E18810009F634 /* PhotoCell.swift in Sources */ = {isa = PBXBuildFile; fileRef = C20A28E2258E18810009F634 /* PhotoCell.swift */; };
		C20A28E6258E18880009F634 /* PhotoListViewController.swift in Sources */ = {isa = PBXBuildFile; fileRef = C20A28E5258E18880009F634 /* PhotoListViewController.swift */; };
		C238950D25936D9400119E7D /* DataFetcherServices.swift in Sources */ = {isa = PBXBuildFile; fileRef = C238950C25936D9400119E7D /* DataFetcherServices.swift */; };
		C2536ADD258FC2D40070ACF7 /* PhotoModel.swift in Sources */ = {isa = PBXBuildFile; fileRef = C2536ADC258FC2D40070ACF7 /* PhotoModel.swift */; };
		C2536AE2258FC5CE0070ACF7 /* AlbumsViewController.swift in Sources */ = {isa = PBXBuildFile; fileRef = C2536AE1258FC5CE0070ACF7 /* AlbumsViewController.swift */; };
		C2536AE5258FC5DE0070ACF7 /* AlbumsCell.swift in Sources */ = {isa = PBXBuildFile; fileRef = C2536AE4258FC5DE0070ACF7 /* AlbumsCell.swift */; };
		C2536AF5258FE6130070ACF7 /* PhotoViewController.swift in Sources */ = {isa = PBXBuildFile; fileRef = C2536AF4258FE6130070ACF7 /* PhotoViewController.swift */; };
		C2536AF9258FE7180070ACF7 /* ImageScrollView.swift in Sources */ = {isa = PBXBuildFile; fileRef = C2536AF8258FE7180070ACF7 /* ImageScrollView.swift */; };
		C2966EFB25910A7A00BEBDFF /* FavouriteViewController.swift in Sources */ = {isa = PBXBuildFile; fileRef = C2966EFA25910A7A00BEBDFF /* FavouriteViewController.swift */; };
		C2CE168F25928D1A0046A051 /* DownloadAlert.swift in Sources */ = {isa = PBXBuildFile; fileRef = C2CE168E25928D1A0046A051 /* DownloadAlert.swift */; };
		C2CE169625928EC60046A051 /* ActionView.swift in Sources */ = {isa = PBXBuildFile; fileRef = C2CE169525928EC60046A051 /* ActionView.swift */; };
		C2CEA0F12590B490005A0E3B /* RealmManager.swift in Sources */ = {isa = PBXBuildFile; fileRef = C2CEA0F02590B490005A0E3B /* RealmManager.swift */; };
		C2CEA0F42590B498005A0E3B /* RealmModel.swift in Sources */ = {isa = PBXBuildFile; fileRef = C2CEA0F32590B498005A0E3B /* RealmModel.swift */; };
		C2EC82BD25927A16007385EF /* FavAlbumCell.swift in Sources */ = {isa = PBXBuildFile; fileRef = C2EC82BC25927A16007385EF /* FavAlbumCell.swift */; };
		C2EC82C325927EF9007385EF /* GeoViewController.swift in Sources */ = {isa = PBXBuildFile; fileRef = C2EC82C225927EF9007385EF /* GeoViewController.swift */; };
/* End PBXBuildFile section */

/* Begin PBXFileReference section */
		234958288A189609D6C2FA72 /* Pods-AppCraftTest.debug.xcconfig */ = {isa = PBXFileReference; includeInIndex = 1; lastKnownFileType = text.xcconfig; name = "Pods-AppCraftTest.debug.xcconfig"; path = "Target Support Files/Pods-AppCraftTest/Pods-AppCraftTest.debug.xcconfig"; sourceTree = "<group>"; };
		6DBEF7C4F451B842E0495EE4 /* Pods-AppCraftTest.release.xcconfig */ = {isa = PBXFileReference; includeInIndex = 1; lastKnownFileType = text.xcconfig; name = "Pods-AppCraftTest.release.xcconfig"; path = "Target Support Files/Pods-AppCraftTest/Pods-AppCraftTest.release.xcconfig"; sourceTree = "<group>"; };
		9E5377F35C58535B5F4C8927 /* Pods_AppCraftTest.framework */ = {isa = PBXFileReference; explicitFileType = wrapper.framework; includeInIndex = 0; path = Pods_AppCraftTest.framework; sourceTree = BUILT_PRODUCTS_DIR; };
		C20A28B9258E10D90009F634 /* AppCraftTest.app */ = {isa = PBXFileReference; explicitFileType = wrapper.application; includeInIndex = 0; path = AppCraftTest.app; sourceTree = BUILT_PRODUCTS_DIR; };
		C20A28BC258E10D90009F634 /* AppDelegate.swift */ = {isa = PBXFileReference; lastKnownFileType = sourcecode.swift; path = AppDelegate.swift; sourceTree = "<group>"; };
		C20A28BE258E10D90009F634 /* SceneDelegate.swift */ = {isa = PBXFileReference; lastKnownFileType = sourcecode.swift; path = SceneDelegate.swift; sourceTree = "<group>"; };
		C20A28C3258E10D90009F634 /* Base */ = {isa = PBXFileReference; lastKnownFileType = file.storyboard; name = Base; path = Base.lproj/Main.storyboard; sourceTree = "<group>"; };
		C20A28C5258E10DA0009F634 /* Assets.xcassets */ = {isa = PBXFileReference; lastKnownFileType = folder.assetcatalog; path = Assets.xcassets; sourceTree = "<group>"; };
		C20A28C8258E10DA0009F634 /* Base */ = {isa = PBXFileReference; lastKnownFileType = file.storyboard; name = Base; path = Base.lproj/LaunchScreen.storyboard; sourceTree = "<group>"; };
		C20A28CA258E10DA0009F634 /* Info.plist */ = {isa = PBXFileReference; lastKnownFileType = text.plist.xml; path = Info.plist; sourceTree = "<group>"; };
		C20A28D8258E12B70009F634 /* NetworkManager.swift */ = {isa = PBXFileReference; lastKnownFileType = sourcecode.swift; path = NetworkManager.swift; sourceTree = "<group>"; };
		C20A28DC258E15790009F634 /* AlbumModel.swift */ = {isa = PBXFileReference; lastKnownFileType = sourcecode.swift; path = AlbumModel.swift; sourceTree = "<group>"; };
		C20A28E2258E18810009F634 /* PhotoCell.swift */ = {isa = PBXFileReference; lastKnownFileType = sourcecode.swift; path = PhotoCell.swift; sourceTree = "<group>"; };
		C20A28E5258E18880009F634 /* PhotoListViewController.swift */ = {isa = PBXFileReference; lastKnownFileType = sourcecode.swift; path = PhotoListViewController.swift; sourceTree = "<group>"; };
		C238950C25936D9400119E7D /* DataFetcherServices.swift */ = {isa = PBXFileReference; lastKnownFileType = sourcecode.swift; path = DataFetcherServices.swift; sourceTree = "<group>"; };
		C2536ADC258FC2D40070ACF7 /* PhotoModel.swift */ = {isa = PBXFileReference; lastKnownFileType = sourcecode.swift; path = PhotoModel.swift; sourceTree = "<group>"; };
		C2536AE1258FC5CE0070ACF7 /* AlbumsViewController.swift */ = {isa = PBXFileReference; lastKnownFileType = sourcecode.swift; path = AlbumsViewController.swift; sourceTree = "<group>"; };
		C2536AE4258FC5DE0070ACF7 /* AlbumsCell.swift */ = {isa = PBXFileReference; lastKnownFileType = sourcecode.swift; path = AlbumsCell.swift; sourceTree = "<group>"; };
		C2536AF4258FE6130070ACF7 /* PhotoViewController.swift */ = {isa = PBXFileReference; lastKnownFileType = sourcecode.swift; path = PhotoViewController.swift; sourceTree = "<group>"; };
		C2536AF8258FE7180070ACF7 /* ImageScrollView.swift */ = {isa = PBXFileReference; lastKnownFileType = sourcecode.swift; path = ImageScrollView.swift; sourceTree = "<group>"; };
		C2966EFA25910A7A00BEBDFF /* FavouriteViewController.swift */ = {isa = PBXFileReference; lastKnownFileType = sourcecode.swift; path = FavouriteViewController.swift; sourceTree = "<group>"; };
		C2CE168E25928D1A0046A051 /* DownloadAlert.swift */ = {isa = PBXFileReference; lastKnownFileType = sourcecode.swift; path = DownloadAlert.swift; sourceTree = "<group>"; };
		C2CE169525928EC60046A051 /* ActionView.swift */ = {isa = PBXFileReference; lastKnownFileType = sourcecode.swift; path = ActionView.swift; sourceTree = "<group>"; };
		C2CEA0F02590B490005A0E3B /* RealmManager.swift */ = {isa = PBXFileReference; lastKnownFileType = sourcecode.swift; path = RealmManager.swift; sourceTree = "<group>"; };
		C2CEA0F32590B498005A0E3B /* RealmModel.swift */ = {isa = PBXFileReference; lastKnownFileType = sourcecode.swift; path = RealmModel.swift; sourceTree = "<group>"; };
		C2EC82BC25927A16007385EF /* FavAlbumCell.swift */ = {isa = PBXFileReference; lastKnownFileType = sourcecode.swift; path = FavAlbumCell.swift; sourceTree = "<group>"; };
		C2EC82C225927EF9007385EF /* GeoViewController.swift */ = {isa = PBXFileReference; lastKnownFileType = sourcecode.swift; path = GeoViewController.swift; sourceTree = "<group>"; };
/* End PBXFileReference section */

/* Begin PBXFrameworksBuildPhase section */
		C20A28B6258E10D90009F634 /* Frameworks */ = {
			isa = PBXFrameworksBuildPhase;
			buildActionMask = 2147483647;
			files = (
				9D5541B1EC3F943165C59DAE /* Pods_AppCraftTest.framework in Frameworks */,
			);
			runOnlyForDeploymentPostprocessing = 0;
		};
/* End PBXFrameworksBuildPhase section */

/* Begin PBXGroup section */
		13AF5C160A048E87ED694FF0 /* Pods */ = {
			isa = PBXGroup;
			children = (
				234958288A189609D6C2FA72 /* Pods-AppCraftTest.debug.xcconfig */,
				6DBEF7C4F451B842E0495EE4 /* Pods-AppCraftTest.release.xcconfig */,
			);
			path = Pods;
			sourceTree = "<group>";
		};
		C20A28B0258E10D90009F634 = {
			isa = PBXGroup;
			children = (
				C20A28BB258E10D90009F634 /* AppCraftTest */,
				C20A28BA258E10D90009F634 /* Products */,
				13AF5C160A048E87ED694FF0 /* Pods */,
				CD33C86CFA9509361ED031A1 /* Frameworks */,
			);
			sourceTree = "<group>";
		};
		C20A28BA258E10D90009F634 /* Products */ = {
			isa = PBXGroup;
			children = (
				C20A28B9258E10D90009F634 /* AppCraftTest.app */,
			);
			name = Products;
			sourceTree = "<group>";
		};
		C20A28BB258E10D90009F634 /* AppCraftTest */ = {
			isa = PBXGroup;
			children = (
				C20A28D5258E11700009F634 /* Application */,
				C20A28D7258E12680009F634 /* Services */,
				C2CEA0EF2590B478005A0E3B /* Realm */,
				C2536AE7258FC6560070ACF7 /* Models */,
				C2536AEA258FC6A10070ACF7 /* View */,
				C2536AEB258FC6AE0070ACF7 /* Controllers */,
				C2536AF7258FE6E90070ACF7 /* Helpers */,
				C20A28D6258E11820009F634 /* Supporting files */,
			);
			path = AppCraftTest;
			sourceTree = "<group>";
		};
		C20A28D5258E11700009F634 /* Application */ = {
			isa = PBXGroup;
			children = (
				C20A28BC258E10D90009F634 /* AppDelegate.swift */,
				C20A28BE258E10D90009F634 /* SceneDelegate.swift */,
			);
			path = Application;
			sourceTree = "<group>";
		};
		C20A28D6258E11820009F634 /* Supporting files */ = {
			isa = PBXGroup;
			children = (
				C20A28C5258E10DA0009F634 /* Assets.xcassets */,
				C20A28CA258E10DA0009F634 /* Info.plist */,
			);
			path = "Supporting files";
			sourceTree = "<group>";
		};
		C20A28D7258E12680009F634 /* Services */ = {
			isa = PBXGroup;
			children = (
				C20A28D8258E12B70009F634 /* NetworkManager.swift */,
				C238950C25936D9400119E7D /* DataFetcherServices.swift */,
			);
			path = Services;
			sourceTree = "<group>";
		};
		C2536AE7258FC6560070ACF7 /* Models */ = {
			isa = PBXGroup;
			children = (
				C20A28DC258E15790009F634 /* AlbumModel.swift */,
				C2536ADC258FC2D40070ACF7 /* PhotoModel.swift */,
			);
			path = Models;
			sourceTree = "<group>";
		};
		C2536AEA258FC6A10070ACF7 /* View */ = {
			isa = PBXGroup;
			children = (
				C20A28C2258E10D90009F634 /* Main.storyboard */,
				C20A28C7258E10DA0009F634 /* LaunchScreen.storyboard */,
			);
			path = View;
			sourceTree = "<group>";
		};
		C2536AEB258FC6AE0070ACF7 /* Controllers */ = {
			isa = PBXGroup;
			children = (
				C2536AE1258FC5CE0070ACF7 /* AlbumsViewController.swift */,
				C2966EFA25910A7A00BEBDFF /* FavouriteViewController.swift */,
				C20A28E5258E18880009F634 /* PhotoListViewController.swift */,
				C2536AF4258FE6130070ACF7 /* PhotoViewController.swift */,
				C2EC82C225927EF9007385EF /* GeoViewController.swift */,
				C2536AEC258FC6B70070ACF7 /* Cells */,
			);
			path = Controllers;
			sourceTree = "<group>";
		};
		C2536AEC258FC6B70070ACF7 /* Cells */ = {
			isa = PBXGroup;
			children = (
				C2536AE4258FC5DE0070ACF7 /* AlbumsCell.swift */,
				C2EC82BC25927A16007385EF /* FavAlbumCell.swift */,
				C20A28E2258E18810009F634 /* PhotoCell.swift */,
			);
			path = Cells;
			sourceTree = "<group>";
		};
		C2536AF7258FE6E90070ACF7 /* Helpers */ = {
			isa = PBXGroup;
			children = (
				C2536AF8258FE7180070ACF7 /* ImageScrollView.swift */,
				C2CE168E25928D1A0046A051 /* DownloadAlert.swift */,
				C2CE169525928EC60046A051 /* ActionView.swift */,
			);
			path = Helpers;
			sourceTree = "<group>";
		};
		C2CEA0EF2590B478005A0E3B /* Realm */ = {
			isa = PBXGroup;
			children = (
				C2CEA0F02590B490005A0E3B /* RealmManager.swift */,
				C2CEA0F32590B498005A0E3B /* RealmModel.swift */,
			);
			path = Realm;
			sourceTree = "<group>";
		};
		CD33C86CFA9509361ED031A1 /* Frameworks */ = {
			isa = PBXGroup;
			children = (
				9E5377F35C58535B5F4C8927 /* Pods_AppCraftTest.framework */,
			);
			name = Frameworks;
			sourceTree = "<group>";
		};
/* End PBXGroup section */

/* Begin PBXNativeTarget section */
		C20A28B8258E10D90009F634 /* AppCraftTest */ = {
			isa = PBXNativeTarget;
			buildConfigurationList = C20A28CD258E10DA0009F634 /* Build configuration list for PBXNativeTarget "AppCraftTest" */;
			buildPhases = (
				D76F2F47B1501F4C96F9BC34 /* [CP] Check Pods Manifest.lock */,
				C20A28B5258E10D90009F634 /* Sources */,
				C20A28B6258E10D90009F634 /* Frameworks */,
				C20A28B7258E10D90009F634 /* Resources */,
				0EF984656206B7825DC15BE2 /* [CP] Embed Pods Frameworks */,
			);
			buildRules = (
			);
			dependencies = (
			);
			name = AppCraftTest;
			productName = AppCraftTest;
			productReference = C20A28B9258E10D90009F634 /* AppCraftTest.app */;
			productType = "com.apple.product-type.application";
		};
/* End PBXNativeTarget section */

/* Begin PBXProject section */
		C20A28B1258E10D90009F634 /* Project object */ = {
			isa = PBXProject;
			attributes = {
				LastSwiftUpdateCheck = 1200;
				LastUpgradeCheck = 1200;
				TargetAttributes = {
					C20A28B8258E10D90009F634 = {
						CreatedOnToolsVersion = 12.0;
					};
				};
			};
			buildConfigurationList = C20A28B4258E10D90009F634 /* Build configuration list for PBXProject "AppCraftTest" */;
			compatibilityVersion = "Xcode 9.3";
			developmentRegion = en;
			hasScannedForEncodings = 0;
			knownRegions = (
				en,
				Base,
			);
			mainGroup = C20A28B0258E10D90009F634;
			productRefGroup = C20A28BA258E10D90009F634 /* Products */;
			projectDirPath = "";
			projectRoot = "";
			targets = (
				C20A28B8258E10D90009F634 /* AppCraftTest */,
			);
		};
/* End PBXProject section */

/* Begin PBXResourcesBuildPhase section */
		C20A28B7258E10D90009F634 /* Resources */ = {
			isa = PBXResourcesBuildPhase;
			buildActionMask = 2147483647;
			files = (
				C20A28C9258E10DA0009F634 /* LaunchScreen.storyboard in Resources */,
				C20A28C6258E10DA0009F634 /* Assets.xcassets in Resources */,
				C20A28C4258E10D90009F634 /* Main.storyboard in Resources */,
			);
			runOnlyForDeploymentPostprocessing = 0;
		};
/* End PBXResourcesBuildPhase section */

/* Begin PBXShellScriptBuildPhase section */
		0EF984656206B7825DC15BE2 /* [CP] Embed Pods Frameworks */ = {
			isa = PBXShellScriptBuildPhase;
			buildActionMask = 2147483647;
			files = (
			);
			inputFileListPaths = (
				"${PODS_ROOT}/Target Support Files/Pods-AppCraftTest/Pods-AppCraftTest-frameworks-${CONFIGURATION}-input-files.xcfilelist",
			);
			name = "[CP] Embed Pods Frameworks";
			outputFileListPaths = (
				"${PODS_ROOT}/Target Support Files/Pods-AppCraftTest/Pods-AppCraftTest-frameworks-${CONFIGURATION}-output-files.xcfilelist",
			);
			runOnlyForDeploymentPostprocessing = 0;
			shellPath = /bin/sh;
			shellScript = "\"${PODS_ROOT}/Target Support Files/Pods-AppCraftTest/Pods-AppCraftTest-frameworks.sh\"\n";
			showEnvVarsInLog = 0;
		};
		D76F2F47B1501F4C96F9BC34 /* [CP] Check Pods Manifest.lock */ = {
			isa = PBXShellScriptBuildPhase;
			buildActionMask = 2147483647;
			files = (
			);
			inputFileListPaths = (
			);
			inputPaths = (
				"${PODS_PODFILE_DIR_PATH}/Podfile.lock",
				"${PODS_ROOT}/Manifest.lock",
			);
			name = "[CP] Check Pods Manifest.lock";
			outputFileListPaths = (
			);
			outputPaths = (
				"$(DERIVED_FILE_DIR)/Pods-AppCraftTest-checkManifestLockResult.txt",
			);
			runOnlyForDeploymentPostprocessing = 0;
			shellPath = /bin/sh;
			shellScript = "diff \"${PODS_PODFILE_DIR_PATH}/Podfile.lock\" \"${PODS_ROOT}/Manifest.lock\" > /dev/null\nif [ $? != 0 ] ; then\n    # print error to STDERR\n    echo \"error: The sandbox is not in sync with the Podfile.lock. Run 'pod install' or update your CocoaPods installation.\" >&2\n    exit 1\nfi\n# This output is used by Xcode 'outputs' to avoid re-running this script phase.\necho \"SUCCESS\" > \"${SCRIPT_OUTPUT_FILE_0}\"\n";
			showEnvVarsInLog = 0;
		};
/* End PBXShellScriptBuildPhase section */

/* Begin PBXSourcesBuildPhase section */
		C20A28B5258E10D90009F634 /* Sources */ = {
			isa = PBXSourcesBuildPhase;
			buildActionMask = 2147483647;
			files = (
				C2EC82C325927EF9007385EF /* GeoViewController.swift in Sources */,
				C2536AE2258FC5CE0070ACF7 /* AlbumsViewController.swift in Sources */,
				C20A28E3258E18810009F634 /* PhotoCell.swift in Sources */,
				C20A28E6258E18880009F634 /* PhotoListViewController.swift in Sources */,
				C20A28DD258E15790009F634 /* AlbumModel.swift in Sources */,
				C20A28D9258E12B70009F634 /* NetworkManager.swift in Sources */,
				C2CEA0F12590B490005A0E3B /* RealmManager.swift in Sources */,
				C2536AF9258FE7180070ACF7 /* ImageScrollView.swift in Sources */,
				C2536AE5258FC5DE0070ACF7 /* AlbumsCell.swift in Sources */,
				C2536ADD258FC2D40070ACF7 /* PhotoModel.swift in Sources */,
				C238950D25936D9400119E7D /* DataFetcherServices.swift in Sources */,
				C20A28BD258E10D90009F634 /* AppDelegate.swift in Sources */,
				C2966EFB25910A7A00BEBDFF /* FavouriteViewController.swift in Sources */,
				C2CE169625928EC60046A051 /* ActionView.swift in Sources */,
				C20A28BF258E10D90009F634 /* SceneDelegate.swift in Sources */,
				C2CEA0F42590B498005A0E3B /* RealmModel.swift in Sources */,
				C2536AF5258FE6130070ACF7 /* PhotoViewController.swift in Sources */,
				C2EC82BD25927A16007385EF /* FavAlbumCell.swift in Sources */,
				C2CE168F25928D1A0046A051 /* DownloadAlert.swift in Sources */,
			);
			runOnlyForDeploymentPostprocessing = 0;
		};
/* End PBXSourcesBuildPhase section */

/* Begin PBXVariantGroup section */
		C20A28C2258E10D90009F634 /* Main.storyboard */ = {
			isa = PBXVariantGroup;
			children = (
				C20A28C3258E10D90009F634 /* Base */,
			);
			name = Main.storyboard;
			sourceTree = "<group>";
		};
		C20A28C7258E10DA0009F634 /* LaunchScreen.storyboard */ = {
			isa = PBXVariantGroup;
			children = (
				C20A28C8258E10DA0009F634 /* Base */,
			);
			name = LaunchScreen.storyboard;
			sourceTree = "<group>";
		};
/* End PBXVariantGroup section */

/* Begin XCBuildConfiguration section */
		C20A28CB258E10DA0009F634 /* Debug */ = {
			isa = XCBuildConfiguration;
			buildSettings = {
				ALWAYS_SEARCH_USER_PATHS = NO;
				CLANG_ANALYZER_NONNULL = YES;
				CLANG_ANALYZER_NUMBER_OBJECT_CONVERSION = YES_AGGRESSIVE;
				CLANG_CXX_LANGUAGE_STANDARD = "gnu++14";
				CLANG_CXX_LIBRARY = "libc++";
				CLANG_ENABLE_MODULES = YES;
				CLANG_ENABLE_OBJC_ARC = YES;
				CLANG_ENABLE_OBJC_WEAK = YES;
				CLANG_WARN_BLOCK_CAPTURE_AUTORELEASING = YES;
				CLANG_WARN_BOOL_CONVERSION = YES;
				CLANG_WARN_COMMA = YES;
				CLANG_WARN_CONSTANT_CONVERSION = YES;
				CLANG_WARN_DEPRECATED_OBJC_IMPLEMENTATIONS = YES;
				CLANG_WARN_DIRECT_OBJC_ISA_USAGE = YES_ERROR;
				CLANG_WARN_DOCUMENTATION_COMMENTS = YES;
				CLANG_WARN_EMPTY_BODY = YES;
				CLANG_WARN_ENUM_CONVERSION = YES;
				CLANG_WARN_INFINITE_RECURSION = YES;
				CLANG_WARN_INT_CONVERSION = YES;
				CLANG_WARN_NON_LITERAL_NULL_CONVERSION = YES;
				CLANG_WARN_OBJC_IMPLICIT_RETAIN_SELF = YES;
				CLANG_WARN_OBJC_LITERAL_CONVERSION = YES;
				CLANG_WARN_OBJC_ROOT_CLASS = YES_ERROR;
				CLANG_WARN_QUOTED_INCLUDE_IN_FRAMEWORK_HEADER = YES;
				CLANG_WARN_RANGE_LOOP_ANALYSIS = YES;
				CLANG_WARN_STRICT_PROTOTYPES = YES;
				CLANG_WARN_SUSPICIOUS_MOVE = YES;
				CLANG_WARN_UNGUARDED_AVAILABILITY = YES_AGGRESSIVE;
				CLANG_WARN_UNREACHABLE_CODE = YES;
				CLANG_WARN__DUPLICATE_METHOD_MATCH = YES;
				COPY_PHASE_STRIP = NO;
				DEBUG_INFORMATION_FORMAT = dwarf;
				ENABLE_STRICT_OBJC_MSGSEND = YES;
				ENABLE_TESTABILITY = YES;
				GCC_C_LANGUAGE_STANDARD = gnu11;
				GCC_DYNAMIC_NO_PIC = NO;
				GCC_NO_COMMON_BLOCKS = YES;
				GCC_OPTIMIZATION_LEVEL = 0;
				GCC_PREPROCESSOR_DEFINITIONS = (
					"DEBUG=1",
					"$(inherited)",
				);
				GCC_WARN_64_TO_32_BIT_CONVERSION = YES;
				GCC_WARN_ABOUT_RETURN_TYPE = YES_ERROR;
				GCC_WARN_UNDECLARED_SELECTOR = YES;
				GCC_WARN_UNINITIALIZED_AUTOS = YES_AGGRESSIVE;
				GCC_WARN_UNUSED_FUNCTION = YES;
				GCC_WARN_UNUSED_VARIABLE = YES;
				IPHONEOS_DEPLOYMENT_TARGET = 14.0;
				MTL_ENABLE_DEBUG_INFO = INCLUDE_SOURCE;
				MTL_FAST_MATH = YES;
				ONLY_ACTIVE_ARCH = YES;
				SDKROOT = iphoneos;
				SWIFT_ACTIVE_COMPILATION_CONDITIONS = DEBUG;
				SWIFT_OPTIMIZATION_LEVEL = "-Onone";
			};
			name = Debug;
		};
		C20A28CC258E10DA0009F634 /* Release */ = {
			isa = XCBuildConfiguration;
			buildSettings = {
				ALWAYS_SEARCH_USER_PATHS = NO;
				CLANG_ANALYZER_NONNULL = YES;
				CLANG_ANALYZER_NUMBER_OBJECT_CONVERSION = YES_AGGRESSIVE;
				CLANG_CXX_LANGUAGE_STANDARD = "gnu++14";
				CLANG_CXX_LIBRARY = "libc++";
				CLANG_ENABLE_MODULES = YES;
				CLANG_ENABLE_OBJC_ARC = YES;
				CLANG_ENABLE_OBJC_WEAK = YES;
				CLANG_WARN_BLOCK_CAPTURE_AUTORELEASING = YES;
				CLANG_WARN_BOOL_CONVERSION = YES;
				CLANG_WARN_COMMA = YES;
				CLANG_WARN_CONSTANT_CONVERSION = YES;
				CLANG_WARN_DEPRECATED_OBJC_IMPLEMENTATIONS = YES;
				CLANG_WARN_DIRECT_OBJC_ISA_USAGE = YES_ERROR;
				CLANG_WARN_DOCUMENTATION_COMMENTS = YES;
				CLANG_WARN_EMPTY_BODY = YES;
				CLANG_WARN_ENUM_CONVERSION = YES;
				CLANG_WARN_INFINITE_RECURSION = YES;
				CLANG_WARN_INT_CONVERSION = YES;
				CLANG_WARN_NON_LITERAL_NULL_CONVERSION = YES;
				CLANG_WARN_OBJC_IMPLICIT_RETAIN_SELF = YES;
				CLANG_WARN_OBJC_LITERAL_CONVERSION = YES;
				CLANG_WARN_OBJC_ROOT_CLASS = YES_ERROR;
				CLANG_WARN_QUOTED_INCLUDE_IN_FRAMEWORK_HEADER = YES;
				CLANG_WARN_RANGE_LOOP_ANALYSIS = YES;
				CLANG_WARN_STRICT_PROTOTYPES = YES;
				CLANG_WARN_SUSPICIOUS_MOVE = YES;
				CLANG_WARN_UNGUARDED_AVAILABILITY = YES_AGGRESSIVE;
				CLANG_WARN_UNREACHABLE_CODE = YES;
				CLANG_WARN__DUPLICATE_METHOD_MATCH = YES;
				COPY_PHASE_STRIP = NO;
				DEBUG_INFORMATION_FORMAT = "dwarf-with-dsym";
				ENABLE_NS_ASSERTIONS = NO;
				ENABLE_STRICT_OBJC_MSGSEND = YES;
				GCC_C_LANGUAGE_STANDARD = gnu11;
				GCC_NO_COMMON_BLOCKS = YES;
				GCC_WARN_64_TO_32_BIT_CONVERSION = YES;
				GCC_WARN_ABOUT_RETURN_TYPE = YES_ERROR;
				GCC_WARN_UNDECLARED_SELECTOR = YES;
				GCC_WARN_UNINITIALIZED_AUTOS = YES_AGGRESSIVE;
				GCC_WARN_UNUSED_FUNCTION = YES;
				GCC_WARN_UNUSED_VARIABLE = YES;
				IPHONEOS_DEPLOYMENT_TARGET = 14.0;
				MTL_ENABLE_DEBUG_INFO = NO;
				MTL_FAST_MATH = YES;
				SDKROOT = iphoneos;
				SWIFT_COMPILATION_MODE = wholemodule;
				SWIFT_OPTIMIZATION_LEVEL = "-O";
				VALIDATE_PRODUCT = YES;
			};
			name = Release;
		};
		C20A28CE258E10DA0009F634 /* Debug */ = {
			isa = XCBuildConfiguration;
			baseConfigurationReference = 234958288A189609D6C2FA72 /* Pods-AppCraftTest.debug.xcconfig */;
			buildSettings = {
				ASSETCATALOG_COMPILER_APPICON_NAME = AppIcon;
				ASSETCATALOG_COMPILER_GLOBAL_ACCENT_COLOR_NAME = AccentColor;
				CODE_SIGN_STYLE = Automatic;
				DEVELOPMENT_TEAM = R367V6SP7Z;
				INFOPLIST_FILE = "$(SRCROOT)/AppCraftTest/Supporting files/Info.plist";
				LD_RUNPATH_SEARCH_PATHS = (
					"$(inherited)",
					"@executable_path/Frameworks",
				);
				PRODUCT_BUNDLE_IDENTIFIER = novembrz.AppCraftTest;
				PRODUCT_NAME = "$(TARGET_NAME)";
				SWIFT_VERSION = 5.0;
				TARGETED_DEVICE_FAMILY = "1,2";
			};
			name = Debug;
		};
		C20A28CF258E10DA0009F634 /* Release */ = {
			isa = XCBuildConfiguration;
			baseConfigurationReference = 6DBEF7C4F451B842E0495EE4 /* Pods-AppCraftTest.release.xcconfig */;
			buildSettings = {
				ASSETCATALOG_COMPILER_APPICON_NAME = AppIcon;
				ASSETCATALOG_COMPILER_GLOBAL_ACCENT_COLOR_NAME = AccentColor;
				CODE_SIGN_STYLE = Automatic;
				DEVELOPMENT_TEAM = R367V6SP7Z;
				INFOPLIST_FILE = "$(SRCROOT)/AppCraftTest/Supporting files/Info.plist";
				LD_RUNPATH_SEARCH_PATHS = (
					"$(inherited)",
					"@executable_path/Frameworks",
				);
				PRODUCT_BUNDLE_IDENTIFIER = novembrz.AppCraftTest;
				PRODUCT_NAME = "$(TARGET_NAME)";
				SWIFT_VERSION = 5.0;
				TARGETED_DEVICE_FAMILY = "1,2";
			};
			name = Release;
		};
/* End XCBuildConfiguration section */

/* Begin XCConfigurationList section */
		C20A28B4258E10D90009F634 /* Build configuration list for PBXProject "AppCraftTest" */ = {
			isa = XCConfigurationList;
			buildConfigurations = (
				C20A28CB258E10DA0009F634 /* Debug */,
				C20A28CC258E10DA0009F634 /* Release */,
			);
			defaultConfigurationIsVisible = 0;
			defaultConfigurationName = Release;
		};
		C20A28CD258E10DA0009F634 /* Build configuration list for PBXNativeTarget "AppCraftTest" */ = {
			isa = XCConfigurationList;
			buildConfigurations = (
				C20A28CE258E10DA0009F634 /* Debug */,
				C20A28CF258E10DA0009F634 /* Release */,
			);
			defaultConfigurationIsVisible = 0;
			defaultConfigurationName = Release;
		};
/* End XCConfigurationList section */
	};
	rootObject = C20A28B1258E10D90009F634 /* Project object */;
}
